
Microsoft Visual Studio Solution File, Format Version 12.00
# Visual Studio Version 16
VisualStudioVersion = 16.0.31624.102
MinimumVisualStudioVersion = 10.0.40219.1
Project("{FAE04EC0-301F-11D3-BF4B-00C04F79EFBC}") = "Zuma", "Zuma\Zuma.csproj", "{1D6EC635-D2D4-4920-B2CD-218F438C8101}"
EndProject
Global
	GlobalSection(SolutionConfigurationPlatforms) = preSolution
		Debug|Any CPU = Debug|Any CPU
		Release|Any CPU = Release|Any CPU
	EndGlobalSection
	GlobalSection(ProjectConfigurationPlatforms) = postSolution
		{1D6EC635-D2D4-4920-B2CD-218F438C8101}.Debug|Any CPU.ActiveCfg = Debug|Any CPU
		{1D6EC635-D2D4-4920-B2CD-218F438C8101}.Debug|Any CPU.Build.0 = Debug|Any CPU
		{1D6EC635-D2D4-4920-B2CD-218F438C8101}.Release|Any CPU.ActiveCfg = Release|Any CPU
		{1D6EC635-D2D4-4920-B2CD-218F438C8101}.Release|Any CPU.Build.0 = Release|Any CPU
	EndGlobalSection
	GlobalSection(SolutionProperties) = preSolution
		HideSolutionNode = FALSE
	EndGlobalSection
	GlobalSection(ExtensibilityGlobals) = postSolution
		SolutionGuid = {7854E040-E53A-4E83-A691-9A0ACC2E99C1}
	EndGlobalSection
EndGlobal
